
Microsoft Visual Studio Solution File, Format Version 12.00
# Visual Studio Version 17
VisualStudioVersion = 17.10.35013.160
MinimumVisualStudioVersion = 10.0.40219.1
Project("{FAE04EC0-301F-11D3-BF4B-00C04F79EFBC}") = "AngularApplication.Server", "AngularApplication.Server\AngularApplication.Server.csproj", "{D0EFDF80-05A3-475A-9D16-8F77B606382D}"
EndProject
Project("{54A90642-561A-4BB1-A94E-469ADEE60C69}") = "angularapplication.client", "angularapplication.client\angularapplication.client.esproj", "{A2101B5C-72B7-46B8-9C96-E751E85E1B51}"
EndProject
Global
	GlobalSection(SolutionConfigurationPlatforms) = preSolution
		Debug|Any CPU = Debug|Any CPU
		Release|Any CPU = Release|Any CPU
	EndGlobalSection
	GlobalSection(ProjectConfigurationPlatforms) = postSolution
		{D0EFDF80-05A3-475A-9D16-8F77B606382D}.Debug|Any CPU.ActiveCfg = Debug|Any CPU
		{D0EFDF80-05A3-475A-9D16-8F77B606382D}.Debug|Any CPU.Build.0 = Debug|Any CPU
		{D0EFDF80-05A3-475A-9D16-8F77B606382D}.Release|Any CPU.ActiveCfg = Release|Any CPU
		{D0EFDF80-05A3-475A-9D16-8F77B606382D}.Release|Any CPU.Build.0 = Release|Any CPU
		{A2101B5C-72B7-46B8-9C96-E751E85E1B51}.Debug|Any CPU.ActiveCfg = Debug|Any CPU
		{A2101B5C-72B7-46B8-9C96-E751E85E1B51}.Debug|Any CPU.Build.0 = Debug|Any CPU
		{A2101B5C-72B7-46B8-9C96-E751E85E1B51}.Debug|Any CPU.Deploy.0 = Debug|Any CPU
		{A2101B5C-72B7-46B8-9C96-E751E85E1B51}.Release|Any CPU.ActiveCfg = Release|Any CPU
		{A2101B5C-72B7-46B8-9C96-E751E85E1B51}.Release|Any CPU.Build.0 = Release|Any CPU
		{A2101B5C-72B7-46B8-9C96-E751E85E1B51}.Release|Any CPU.Deploy.0 = Release|Any CPU
	EndGlobalSection
	GlobalSection(SolutionProperties) = preSolution
		HideSolutionNode = FALSE
	EndGlobalSection
	GlobalSection(ExtensibilityGlobals) = postSolution
		SolutionGuid = {37A359C9-136B-4E91-89DE-ADB2A9EAFABC}
	EndGlobalSection
EndGlobal
